// !$*UTF8*$!
{
	archiveVersion = 1;
	classes = {
	};
	objectVersion = 50;
	objects = {

/* Begin PBXBuildFile section */
		5F27BD9C24E60D98004C0D98 /* AppDelegate.swift in Sources */ = {isa = PBXBuildFile; fileRef = 5F27BD9B24E60D98004C0D98 /* AppDelegate.swift */; };
		5F27BD9E24E60D98004C0D98 /* SceneDelegate.swift in Sources */ = {isa = PBXBuildFile; fileRef = 5F27BD9D24E60D98004C0D98 /* SceneDelegate.swift */; };
		5F27BDA024E60D98004C0D98 /* BeerViewController.swift in Sources */ = {isa = PBXBuildFile; fileRef = 5F27BD9F24E60D98004C0D98 /* BeerViewController.swift */; };
		5F27BDA324E60D98004C0D98 /* Main.storyboard in Resources */ = {isa = PBXBuildFile; fileRef = 5F27BDA124E60D98004C0D98 /* Main.storyboard */; };
		5F27BDA524E60D99004C0D98 /* Assets.xcassets in Resources */ = {isa = PBXBuildFile; fileRef = 5F27BDA424E60D99004C0D98 /* Assets.xcassets */; };
		5F27BDA824E60D99004C0D98 /* LaunchScreen.storyboard in Resources */ = {isa = PBXBuildFile; fileRef = 5F27BDA624E60D99004C0D98 /* LaunchScreen.storyboard */; };
		5F4EA10F252B5BC10055961B /* beer-app.xcdatamodeld in Sources */ = {isa = PBXBuildFile; fileRef = 5F4EA10D252B5BC10055961B /* beer-app.xcdatamodeld */; };
		5F4EA113252BBABE0055961B /* BeerColor.swift in Sources */ = {isa = PBXBuildFile; fileRef = 5F4EA112252BBABE0055961B /* BeerColor.swift */; };
		5F5391092501C41F00415F4B /* BeerRepository.swift in Sources */ = {isa = PBXBuildFile; fileRef = 5F5391082501C41F00415F4B /* BeerRepository.swift */; };
		5F8780BF251FCB2D001452AC /* BeerTableViewCell.swift in Sources */ = {isa = PBXBuildFile; fileRef = 5F8780BE251FCB2D001452AC /* BeerTableViewCell.swift */; };
		5FB0B90125006B8600960228 /* BeerListTableViewController.swift in Sources */ = {isa = PBXBuildFile; fileRef = 5FB0B90025006B8600960228 /* BeerListTableViewController.swift */; };
		5FF231462522A13D00E9F2D0 /* BeerRatingView.swift in Sources */ = {isa = PBXBuildFile; fileRef = 5FF231452522A13D00E9F2D0 /* BeerRatingView.swift */; };
/* End PBXBuildFile section */

/* Begin PBXFileReference section */
		5F27BD9824E60D98004C0D98 /* beer-app.app */ = {isa = PBXFileReference; explicitFileType = wrapper.application; includeInIndex = 0; path = "beer-app.app"; sourceTree = BUILT_PRODUCTS_DIR; };
		5F27BD9B24E60D98004C0D98 /* AppDelegate.swift */ = {isa = PBXFileReference; lastKnownFileType = sourcecode.swift; path = AppDelegate.swift; sourceTree = "<group>"; };
		5F27BD9D24E60D98004C0D98 /* SceneDelegate.swift */ = {isa = PBXFileReference; lastKnownFileType = sourcecode.swift; path = SceneDelegate.swift; sourceTree = "<group>"; };
		5F27BD9F24E60D98004C0D98 /* BeerViewController.swift */ = {isa = PBXFileReference; lastKnownFileType = sourcecode.swift; path = BeerViewController.swift; sourceTree = "<group>"; };
		5F27BDA224E60D98004C0D98 /* Base */ = {isa = PBXFileReference; lastKnownFileType = file.storyboard; name = Base; path = Base.lproj/Main.storyboard; sourceTree = "<group>"; };
		5F27BDA424E60D99004C0D98 /* Assets.xcassets */ = {isa = PBXFileReference; lastKnownFileType = folder.assetcatalog; path = Assets.xcassets; sourceTree = "<group>"; };
		5F27BDA724E60D99004C0D98 /* Base */ = {isa = PBXFileReference; lastKnownFileType = file.storyboard; name = Base; path = Base.lproj/LaunchScreen.storyboard; sourceTree = "<group>"; };
		5F27BDA924E60D99004C0D98 /* Info.plist */ = {isa = PBXFileReference; lastKnownFileType = text.plist.xml; path = Info.plist; sourceTree = "<group>"; };
		5F4EA10E252B5BC10055961B /* beer-app.xcdatamodel */ = {isa = PBXFileReference; lastKnownFileType = wrapper.xcdatamodel; path = "beer-app.xcdatamodel"; sourceTree = "<group>"; };
		5F4EA112252BBABE0055961B /* BeerColor.swift */ = {isa = PBXFileReference; lastKnownFileType = sourcecode.swift; path = BeerColor.swift; sourceTree = "<group>"; };
		5F5391082501C41F00415F4B /* BeerRepository.swift */ = {isa = PBXFileReference; lastKnownFileType = sourcecode.swift; path = BeerRepository.swift; sourceTree = "<group>"; };
		5F8780BE251FCB2D001452AC /* BeerTableViewCell.swift */ = {isa = PBXFileReference; lastKnownFileType = sourcecode.swift; path = BeerTableViewCell.swift; sourceTree = "<group>"; };
		5FB0B90025006B8600960228 /* BeerListTableViewController.swift */ = {isa = PBXFileReference; lastKnownFileType = sourcecode.swift; path = BeerListTableViewController.swift; sourceTree = "<group>"; };
		5FF231452522A13D00E9F2D0 /* BeerRatingView.swift */ = {isa = PBXFileReference; lastKnownFileType = sourcecode.swift; path = BeerRatingView.swift; sourceTree = "<group>"; };
/* End PBXFileReference section */

/* Begin PBXFrameworksBuildPhase section */
		5F27BD9524E60D98004C0D98 /* Frameworks */ = {
			isa = PBXFrameworksBuildPhase;
			buildActionMask = 2147483647;
			files = (
			);
			runOnlyForDeploymentPostprocessing = 0;
		};
/* End PBXFrameworksBuildPhase section */

/* Begin PBXGroup section */
		5F27BD8F24E60D98004C0D98 = {
			isa = PBXGroup;
			children = (
				5F27BD9A24E60D98004C0D98 /* beer-app */,
				5F27BD9924E60D98004C0D98 /* Products */,
			);
			sourceTree = "<group>";
		};
		5F27BD9924E60D98004C0D98 /* Products */ = {
			isa = PBXGroup;
			children = (
				5F27BD9824E60D98004C0D98 /* beer-app.app */,
			);
			name = Products;
			sourceTree = "<group>";
		};
		5F27BD9A24E60D98004C0D98 /* beer-app */ = {
			isa = PBXGroup;
			children = (
				5F27BDBA24E61107004C0D98 /* Controller */,
				5F27BDB924E61102004C0D98 /* View */,
				5F27BDB824E610FD004C0D98 /* Model */,
				5F27BD9B24E60D98004C0D98 /* AppDelegate.swift */,
				5F27BD9D24E60D98004C0D98 /* SceneDelegate.swift */,
				5F27BDA924E60D99004C0D98 /* Info.plist */,
			);
			path = "beer-app";
			sourceTree = "<group>";
		};
		5F27BDB824E610FD004C0D98 /* Model */ = {
			isa = PBXGroup;
			children = (
				5F5391082501C41F00415F4B /* BeerRepository.swift */,
				5F4EA10D252B5BC10055961B /* beer-app.xcdatamodeld */,
			);
			path = Model;
			sourceTree = "<group>";
		};
		5F27BDB924E61102004C0D98 /* View */ = {
			isa = PBXGroup;
			children = (
				5F8780BE251FCB2D001452AC /* BeerTableViewCell.swift */,
				5FF231452522A13D00E9F2D0 /* BeerRatingView.swift */,
				5F27BDA124E60D98004C0D98 /* Main.storyboard */,
				5F27BDA624E60D99004C0D98 /* LaunchScreen.storyboard */,
				5F27BDA424E60D99004C0D98 /* Assets.xcassets */,
				5F4EA112252BBABE0055961B /* BeerColor.swift */,
			);
			path = View;
			sourceTree = "<group>";
		};
		5F27BDBA24E61107004C0D98 /* Controller */ = {
			isa = PBXGroup;
			children = (
				5FB0B90025006B8600960228 /* BeerListTableViewController.swift */,
				5F27BD9F24E60D98004C0D98 /* BeerViewController.swift */,
			);
			path = Controller;
			sourceTree = "<group>";
		};
/* End PBXGroup section */

/* Begin PBXNativeTarget section */
		5F27BD9724E60D98004C0D98 /* beer-app */ = {
			isa = PBXNativeTarget;
			buildConfigurationList = 5F27BDAC24E60D99004C0D98 /* Build configuration list for PBXNativeTarget "beer-app" */;
			buildPhases = (
				5F27BD9424E60D98004C0D98 /* Sources */,
				5F27BD9524E60D98004C0D98 /* Frameworks */,
				5F27BD9624E60D98004C0D98 /* Resources */,
			);
			buildRules = (
			);
			dependencies = (
			);
			name = "beer-app";
			productName = "beer-app";
			productReference = 5F27BD9824E60D98004C0D98 /* beer-app.app */;
			productType = "com.apple.product-type.application";
		};
/* End PBXNativeTarget section */

/* Begin PBXProject section */
		5F27BD9024E60D98004C0D98 /* Project object */ = {
			isa = PBXProject;
			attributes = {
				LastSwiftUpdateCheck = 1160;
				LastUpgradeCheck = 1160;
				ORGANIZATIONNAME = "Helena Dalmazo";
				TargetAttributes = {
					5F27BD9724E60D98004C0D98 = {
						CreatedOnToolsVersion = 11.6;
					};
				};
			};
			buildConfigurationList = 5F27BD9324E60D98004C0D98 /* Build configuration list for PBXProject "beer-app" */;
			compatibilityVersion = "Xcode 9.3";
			developmentRegion = en;
			hasScannedForEncodings = 0;
			knownRegions = (
				en,
				Base,
			);
			mainGroup = 5F27BD8F24E60D98004C0D98;
			productRefGroup = 5F27BD9924E60D98004C0D98 /* Products */;
			projectDirPath = "";
			projectRoot = "";
			targets = (
				5F27BD9724E60D98004C0D98 /* beer-app */,
			);
		};
/* End PBXProject section */

/* Begin PBXResourcesBuildPhase section */
		5F27BD9624E60D98004C0D98 /* Resources */ = {
			isa = PBXResourcesBuildPhase;
			buildActionMask = 2147483647;
			files = (
				5F27BDA824E60D99004C0D98 /* LaunchScreen.storyboard in Resources */,
				5F27BDA524E60D99004C0D98 /* Assets.xcassets in Resources */,
				5F27BDA324E60D98004C0D98 /* Main.storyboard in Resources */,
			);
			runOnlyForDeploymentPostprocessing = 0;
		};
/* End PBXResourcesBuildPhase section */

/* Begin PBXSourcesBuildPhase section */
		5F27BD9424E60D98004C0D98 /* Sources */ = {
			isa = PBXSourcesBuildPhase;
			buildActionMask = 2147483647;
			files = (
				5F27BDA024E60D98004C0D98 /* BeerViewController.swift in Sources */,
				5F8780BF251FCB2D001452AC /* BeerTableViewCell.swift in Sources */,
				5F27BD9C24E60D98004C0D98 /* AppDelegate.swift in Sources */,
				5F27BD9E24E60D98004C0D98 /* SceneDelegate.swift in Sources */,
				5F4EA113252BBABE0055961B /* BeerColor.swift in Sources */,
				5F4EA10F252B5BC10055961B /* beer-app.xcdatamodeld in Sources */,
				5FF231462522A13D00E9F2D0 /* BeerRatingView.swift in Sources */,
				5F5391092501C41F00415F4B /* BeerRepository.swift in Sources */,
				5FB0B90125006B8600960228 /* BeerListTableViewController.swift in Sources */,
			);
			runOnlyForDeploymentPostprocessing = 0;
		};
/* End PBXSourcesBuildPhase section */

/* Begin PBXVariantGroup section */
		5F27BDA124E60D98004C0D98 /* Main.storyboard */ = {
			isa = PBXVariantGroup;
			children = (
				5F27BDA224E60D98004C0D98 /* Base */,
			);
			name = Main.storyboard;
			sourceTree = "<group>";
		};
		5F27BDA624E60D99004C0D98 /* LaunchScreen.storyboard */ = {
			isa = PBXVariantGroup;
			children = (
				5F27BDA724E60D99004C0D98 /* Base */,
			);
			name = LaunchScreen.storyboard;
			sourceTree = "<group>";
		};
/* End PBXVariantGroup section */

/* Begin XCBuildConfiguration section */
		5F27BDAA24E60D99004C0D98 /* Debug */ = {
			isa = XCBuildConfiguration;
			buildSettings = {
				ALWAYS_SEARCH_USER_PATHS = NO;
				CLANG_ANALYZER_NONNULL = YES;
				CLANG_ANALYZER_NUMBER_OBJECT_CONVERSION = YES_AGGRESSIVE;
				CLANG_CXX_LANGUAGE_STANDARD = "gnu++14";
				CLANG_CXX_LIBRARY = "libc++";
				CLANG_ENABLE_MODULES = YES;
				CLANG_ENABLE_OBJC_ARC = YES;
				CLANG_ENABLE_OBJC_WEAK = YES;
				CLANG_WARN_BLOCK_CAPTURE_AUTORELEASING = YES;
				CLANG_WARN_BOOL_CONVERSION = YES;
				CLANG_WARN_COMMA = YES;
				CLANG_WARN_CONSTANT_CONVERSION = YES;
				CLANG_WARN_DEPRECATED_OBJC_IMPLEMENTATIONS = YES;
				CLANG_WARN_DIRECT_OBJC_ISA_USAGE = YES_ERROR;
				CLANG_WARN_DOCUMENTATION_COMMENTS = YES;
				CLANG_WARN_EMPTY_BODY = YES;
				CLANG_WARN_ENUM_CONVERSION = YES;
				CLANG_WARN_INFINITE_RECURSION = YES;
				CLANG_WARN_INT_CONVERSION = YES;
				CLANG_WARN_NON_LITERAL_NULL_CONVERSION = YES;
				CLANG_WARN_OBJC_IMPLICIT_RETAIN_SELF = YES;
				CLANG_WARN_OBJC_LITERAL_CONVERSION = YES;
				CLANG_WARN_OBJC_ROOT_CLASS = YES_ERROR;
				CLANG_WARN_RANGE_LOOP_ANALYSIS = YES;
				CLANG_WARN_STRICT_PROTOTYPES = YES;
				CLANG_WARN_SUSPICIOUS_MOVE = YES;
				CLANG_WARN_UNGUARDED_AVAILABILITY = YES_AGGRESSIVE;
				CLANG_WARN_UNREACHABLE_CODE = YES;
				CLANG_WARN__DUPLICATE_METHOD_MATCH = YES;
				COPY_PHASE_STRIP = NO;
				DEBUG_INFORMATION_FORMAT = dwarf;
				ENABLE_STRICT_OBJC_MSGSEND = YES;
				ENABLE_TESTABILITY = YES;
				GCC_C_LANGUAGE_STANDARD = gnu11;
				GCC_DYNAMIC_NO_PIC = NO;
				GCC_NO_COMMON_BLOCKS = YES;
				GCC_OPTIMIZATION_LEVEL = 0;
				GCC_PREPROCESSOR_DEFINITIONS = (
					"DEBUG=1",
					"$(inherited)",
				);
				GCC_WARN_64_TO_32_BIT_CONVERSION = YES;
				GCC_WARN_ABOUT_RETURN_TYPE = YES_ERROR;
				GCC_WARN_UNDECLARED_SELECTOR = YES;
				GCC_WARN_UNINITIALIZED_AUTOS = YES_AGGRESSIVE;
				GCC_WARN_UNUSED_FUNCTION = YES;
				GCC_WARN_UNUSED_VARIABLE = YES;
				IPHONEOS_DEPLOYMENT_TARGET = 13.6;
				MTL_ENABLE_DEBUG_INFO = INCLUDE_SOURCE;
				MTL_FAST_MATH = YES;
				ONLY_ACTIVE_ARCH = YES;
				SDKROOT = iphoneos;
				SWIFT_ACTIVE_COMPILATION_CONDITIONS = DEBUG;
				SWIFT_OPTIMIZATION_LEVEL = "-Onone";
			};
			name = Debug;
		};
		5F27BDAB24E60D99004C0D98 /* Release */ = {
			isa = XCBuildConfiguration;
			buildSettings = {
				ALWAYS_SEARCH_USER_PATHS = NO;
				CLANG_ANALYZER_NONNULL = YES;
				CLANG_ANALYZER_NUMBER_OBJECT_CONVERSION = YES_AGGRESSIVE;
				CLANG_CXX_LANGUAGE_STANDARD = "gnu++14";
				CLANG_CXX_LIBRARY = "libc++";
				CLANG_ENABLE_MODULES = YES;
				CLANG_ENABLE_OBJC_ARC = YES;
				CLANG_ENABLE_OBJC_WEAK = YES;
				CLANG_WARN_BLOCK_CAPTURE_AUTORELEASING = YES;
				CLANG_WARN_BOOL_CONVERSION = YES;
				CLANG_WARN_COMMA = YES;
				CLANG_WARN_CONSTANT_CONVERSION = YES;
				CLANG_WARN_DEPRECATED_OBJC_IMPLEMENTATIONS = YES;
				CLANG_WARN_DIRECT_OBJC_ISA_USAGE = YES_ERROR;
				CLANG_WARN_DOCUMENTATION_COMMENTS = YES;
				CLANG_WARN_EMPTY_BODY = YES;
				CLANG_WARN_ENUM_CONVERSION = YES;
				CLANG_WARN_INFINITE_RECURSION = YES;
				CLANG_WARN_INT_CONVERSION = YES;
				CLANG_WARN_NON_LITERAL_NULL_CONVERSION = YES;
				CLANG_WARN_OBJC_IMPLICIT_RETAIN_SELF = YES;
				CLANG_WARN_OBJC_LITERAL_CONVERSION = YES;
				CLANG_WARN_OBJC_ROOT_CLASS = YES_ERROR;
				CLANG_WARN_RANGE_LOOP_ANALYSIS = YES;
				CLANG_WARN_STRICT_PROTOTYPES = YES;
				CLANG_WARN_SUSPICIOUS_MOVE = YES;
				CLANG_WARN_UNGUARDED_AVAILABILITY = YES_AGGRESSIVE;
				CLANG_WARN_UNREACHABLE_CODE = YES;
				CLANG_WARN__DUPLICATE_METHOD_MATCH = YES;
				COPY_PHASE_STRIP = NO;
				DEBUG_INFORMATION_FORMAT = "dwarf-with-dsym";
				ENABLE_NS_ASSERTIONS = NO;
				ENABLE_STRICT_OBJC_MSGSEND = YES;
				GCC_C_LANGUAGE_STANDARD = gnu11;
				GCC_NO_COMMON_BLOCKS = YES;
				GCC_WARN_64_TO_32_BIT_CONVERSION = YES;
				GCC_WARN_ABOUT_RETURN_TYPE = YES_ERROR;
				GCC_WARN_UNDECLARED_SELECTOR = YES;
				GCC_WARN_UNINITIALIZED_AUTOS = YES_AGGRESSIVE;
				GCC_WARN_UNUSED_FUNCTION = YES;
				GCC_WARN_UNUSED_VARIABLE = YES;
				IPHONEOS_DEPLOYMENT_TARGET = 13.6;
				MTL_ENABLE_DEBUG_INFO = NO;
				MTL_FAST_MATH = YES;
				SDKROOT = iphoneos;
				SWIFT_COMPILATION_MODE = wholemodule;
				SWIFT_OPTIMIZATION_LEVEL = "-O";
				VALIDATE_PRODUCT = YES;
			};
			name = Release;
		};
		5F27BDAD24E60D99004C0D98 /* Debug */ = {
			isa = XCBuildConfiguration;
			buildSettings = {
				ASSETCATALOG_COMPILER_APPICON_NAME = AppIcon;
				CODE_SIGN_STYLE = Automatic;
				INFOPLIST_FILE = "beer-app/Info.plist";
				LD_RUNPATH_SEARCH_PATHS = (
					"$(inherited)",
					"@executable_path/Frameworks",
				);
				PRODUCT_BUNDLE_IDENTIFIER = "com.dalmazo.helena.beer-app";
				PRODUCT_NAME = "$(TARGET_NAME)";
				SWIFT_VERSION = 5.0;
				TARGETED_DEVICE_FAMILY = "1,2";
			};
			name = Debug;
		};
		5F27BDAE24E60D99004C0D98 /* Release */ = {
			isa = XCBuildConfiguration;
			buildSettings = {
				ASSETCATALOG_COMPILER_APPICON_NAME = AppIcon;
				CODE_SIGN_STYLE = Automatic;
				INFOPLIST_FILE = "beer-app/Info.plist";
				LD_RUNPATH_SEARCH_PATHS = (
					"$(inherited)",
					"@executable_path/Frameworks",
				);
				PRODUCT_BUNDLE_IDENTIFIER = "com.dalmazo.helena.beer-app";
				PRODUCT_NAME = "$(TARGET_NAME)";
				SWIFT_VERSION = 5.0;
				TARGETED_DEVICE_FAMILY = "1,2";
			};
			name = Release;
		};
/* End XCBuildConfiguration section */

/* Begin XCConfigurationList section */
		5F27BD9324E60D98004C0D98 /* Build configuration list for PBXProject "beer-app" */ = {
			isa = XCConfigurationList;
			buildConfigurations = (
				5F27BDAA24E60D99004C0D98 /* Debug */,
				5F27BDAB24E60D99004C0D98 /* Release */,
			);
			defaultConfigurationIsVisible = 0;
			defaultConfigurationName = Release;
		};
		5F27BDAC24E60D99004C0D98 /* Build configuration list for PBXNativeTarget "beer-app" */ = {
			isa = XCConfigurationList;
			buildConfigurations = (
				5F27BDAD24E60D99004C0D98 /* Debug */,
				5F27BDAE24E60D99004C0D98 /* Release */,
			);
			defaultConfigurationIsVisible = 0;
			defaultConfigurationName = Release;
		};
/* End XCConfigurationList section */

/* Begin XCVersionGroup section */
		5F4EA10D252B5BC10055961B /* beer-app.xcdatamodeld */ = {
			isa = XCVersionGroup;
			children = (
				5F4EA10E252B5BC10055961B /* beer-app.xcdatamodel */,
			);
			currentVersion = 5F4EA10E252B5BC10055961B /* beer-app.xcdatamodel */;
			path = "beer-app.xcdatamodeld";
			sourceTree = "<group>";
			versionGroupType = wrapper.xcdatamodel;
		};
/* End XCVersionGroup section */
	};
	rootObject = 5F27BD9024E60D98004C0D98 /* Project object */;
}
